lockfileVersion: '9.0'

settings:
  autoInstallPeers: true
  excludeLinksFromLockfile: false

importers:

  .:
    devDependencies:
      emoji-datasource:
        specifier: ^7.0.2
        version: 7.0.2

packages:

  emoji-datasource@7.0.2:
    resolution: {integrity: sha512-F5TTUSktTIfbjHIlaz8tjsQ8EAD0UpJtj1i5O13jQARWTddtFgam3nE1W5WgSQoqU/cuTnF1H9tK/wlCOyzfiA==}

snapshots:

  emoji-datasource@7.0.2: {}
